
Microsoft Visual Studio Solution File, Format Version 12.00
# Visual Studio Version 17
VisualStudioVersion = 17.9.34607.119
MinimumVisualStudioVersion = 10.0.40219.1
Project("{FAE04EC0-301F-11D3-BF4B-00C04F79EFBC}") = "jjjsdk", "jjjsdk\jjjsdk.csproj", "{46304A97-5392-48BC-8F41-7B4EBBCA7EE1}"
EndProject
Global
	GlobalSection(SolutionConfigurationPlatforms) = preSolution
		Debug|Any CPU = Debug|Any CPU
		Release|Any CPU = Release|Any CPU
	EndGlobalSection
	GlobalSection(ProjectConfigurationPlatforms) = postSolution
		{46304A97-5392-48BC-8F41-7B4EBBCA7EE1}.Debug|Any CPU.ActiveCfg = Debug|Any CPU
		{46304A97-5392-48BC-8F41-7B4EBBCA7EE1}.Debug|Any CPU.Build.0 = Debug|Any CPU
		{46304A97-5392-48BC-8F41-7B4EBBCA7EE1}.Release|Any CPU.ActiveCfg = Release|Any CPU
		{46304A97-5392-48BC-8F41-7B4EBBCA7EE1}.Release|Any CPU.Build.0 = Release|Any CPU
	EndGlobalSection
	GlobalSection(SolutionProperties) = preSolution
		HideSolutionNode = FALSE
	EndGlobalSection
	GlobalSection(ExtensibilityGlobals) = postSolution
		SolutionGuid = {AACB2556-6830-42A4-B44D-9C4AE08970D5}
	EndGlobalSection
EndGlobal
